
Microsoft Visual Studio Solution File, Format Version 12.00
# Visual Studio Version 17
VisualStudioVersion = 17.9.34616.47
MinimumVisualStudioVersion = 10.0.40219.1
Project("{FAE04EC0-301F-11D3-BF4B-00C04F79EFBC}") = "Music Player", "Music Player\Music Player.csproj", "{B8E84989-8D94-47A8-B68B-9043CF5EF00A}"
EndProject
Global
	GlobalSection(SolutionConfigurationPlatforms) = preSolution
		Debug|Any CPU = Debug|Any CPU
		Release|Any CPU = Release|Any CPU
	EndGlobalSection
	GlobalSection(ProjectConfigurationPlatforms) = postSolution
		{B8E84989-8D94-47A8-B68B-9043CF5EF00A}.Debug|Any CPU.ActiveCfg = Debug|Any CPU
		{B8E84989-8D94-47A8-B68B-9043CF5EF00A}.Debug|Any CPU.Build.0 = Debug|Any CPU
		{B8E84989-8D94-47A8-B68B-9043CF5EF00A}.Release|Any CPU.ActiveCfg = Release|Any CPU
		{B8E84989-8D94-47A8-B68B-9043CF5EF00A}.Release|Any CPU.Build.0 = Release|Any CPU
	EndGlobalSection
	GlobalSection(SolutionProperties) = preSolution
		HideSolutionNode = FALSE
	EndGlobalSection
	GlobalSection(ExtensibilityGlobals) = postSolution
		SolutionGuid = {95BE3225-E933-4C6B-A930-16BC44779BD5}
	EndGlobalSection
EndGlobal
